
Microsoft Visual Studio Solution File, Format Version 12.00
# Visual Studio Version 16
VisualStudioVersion = 16.0.30104.148
MinimumVisualStudioVersion = 10.0.40219.1
Project("{9A19103F-16F7-4668-BE54-9A1E7A4F7556}") = "OsmTagsTranslator", "OsmTagsTranslator\OsmTagsTranslator.csproj", "{5A04D612-F302-48DE-AAB6-6C4FF5AD3C10}"
EndProject
Project("{9A19103F-16F7-4668-BE54-9A1E7A4F7556}") = "OsmTagsTranslatorConsole", "OsmTagsTranslatorConsole\OsmTagsTranslatorConsole.csproj", "{BD9D93E3-987B-4C68-ABD9-4C960C6CCFF1}"
EndProject
Project("{FAE04EC0-301F-11D3-BF4B-00C04F79EFBC}") = "OsmTagsTranslator.Tests", "OsmTagsTranslator.Tests\OsmTagsTranslator.Tests.csproj", "{1B27CF2E-7DDF-4A73-AFAE-355D9B57B518}"
EndProject
Global
	GlobalSection(SolutionConfigurationPlatforms) = preSolution
		Debug|Any CPU = Debug|Any CPU
		Release|Any CPU = Release|Any CPU
	EndGlobalSection
	GlobalSection(ProjectConfigurationPlatforms) = postSolution
		{5A04D612-F302-48DE-AAB6-6C4FF5AD3C10}.Debug|Any CPU.ActiveCfg = Debug|Any CPU
		{5A04D612-F302-48DE-AAB6-6C4FF5AD3C10}.Debug|Any CPU.Build.0 = Debug|Any CPU
		{5A04D612-F302-48DE-AAB6-6C4FF5AD3C10}.Release|Any CPU.ActiveCfg = Release|Any CPU
		{5A04D612-F302-48DE-AAB6-6C4FF5AD3C10}.Release|Any CPU.Build.0 = Release|Any CPU
		{BD9D93E3-987B-4C68-ABD9-4C960C6CCFF1}.Debug|Any CPU.ActiveCfg = Debug|Any CPU
		{BD9D93E3-987B-4C68-ABD9-4C960C6CCFF1}.Debug|Any CPU.Build.0 = Debug|Any CPU
		{BD9D93E3-987B-4C68-ABD9-4C960C6CCFF1}.Release|Any CPU.ActiveCfg = Release|Any CPU
		{BD9D93E3-987B-4C68-ABD9-4C960C6CCFF1}.Release|Any CPU.Build.0 = Release|Any CPU
		{1B27CF2E-7DDF-4A73-AFAE-355D9B57B518}.Debug|Any CPU.ActiveCfg = Debug|Any CPU
		{1B27CF2E-7DDF-4A73-AFAE-355D9B57B518}.Debug|Any CPU.Build.0 = Debug|Any CPU
		{1B27CF2E-7DDF-4A73-AFAE-355D9B57B518}.Release|Any CPU.ActiveCfg = Release|Any CPU
		{1B27CF2E-7DDF-4A73-AFAE-355D9B57B518}.Release|Any CPU.Build.0 = Release|Any CPU
	EndGlobalSection
	GlobalSection(SolutionProperties) = preSolution
		HideSolutionNode = FALSE
	EndGlobalSection
	GlobalSection(ExtensibilityGlobals) = postSolution
		SolutionGuid = {A25A417C-B120-4D98-B297-138A8FCFCC43}
	EndGlobalSection
EndGlobal
